// !$*UTF8*$!
{
	archiveVersion = 1;
	classes = {
	};
	objectVersion = 46;
	objects = {

/* Begin PBXBuildFile section */
		2B3C06A71F32F28F00CCCD13 /* AppDelegate.swift in Sources */ = {isa = PBXBuildFile; fileRef = 2B3C06A61F32F28F00CCCD13 /* AppDelegate.swift */; };
		2B3C06A91F32F28F00CCCD13 /* ViewController.swift in Sources */ = {isa = PBXBuildFile; fileRef = 2B3C06A81F32F28F00CCCD13 /* ViewController.swift */; };
		2B3C06AC1F32F28F00CCCD13 /* Main.storyboard in Resources */ = {isa = PBXBuildFile; fileRef = 2B3C06AA1F32F28F00CCCD13 /* Main.storyboard */; };
		2B3C06AE1F32F28F00CCCD13 /* Assets.xcassets in Resources */ = {isa = PBXBuildFile; fileRef = 2B3C06AD1F32F28F00CCCD13 /* Assets.xcassets */; };
		2B3C06B11F32F28F00CCCD13 /* LaunchScreen.storyboard in Resources */ = {isa = PBXBuildFile; fileRef = 2B3C06AF1F32F28F00CCCD13 /* LaunchScreen.storyboard */; };
		2B3C06B91F32F30E00CCCD13 /* testAudio.mp3 in Resources */ = {isa = PBXBuildFile; fileRef = 2B3C06B81F32F30E00CCCD13 /* testAudio.mp3 */; };
		2B3C06BF1F32FC6B00CCCD13 /* FDAudioContext.swift in Sources */ = {isa = PBXBuildFile; fileRef = 2B3C06BD1F32FC6B00CCCD13 /* FDAudioContext.swift */; };
		2B3C06C01F32FC6B00CCCD13 /* FDWaveformRenderOperation.swift in Sources */ = {isa = PBXBuildFile; fileRef = 2B3C06BE1F32FC6B00CCCD13 /* FDWaveformRenderOperation.swift */; };
		2B3C06C81F34565D00CCCD13 /* cross.wav in Resources */ = {isa = PBXBuildFile; fileRef = 2B3C06C61F34565D00CCCD13 /* cross.wav */; };
		2B3C06C91F34565D00CCCD13 /* f2400.wav in Resources */ = {isa = PBXBuildFile; fileRef = 2B3C06C71F34565D00CCCD13 /* f2400.wav */; };
		2B3C06CB1F380C6800CCCD13 /* WaveformView.swift in Sources */ = {isa = PBXBuildFile; fileRef = 2B3C06CA1F380C6800CCCD13 /* WaveformView.swift */; };
/* End PBXBuildFile section */

/* Begin PBXFileReference section */
		2B3C06A31F32F28F00CCCD13 /* WaveformView.app */ = {isa = PBXFileReference; explicitFileType = wrapper.application; includeInIndex = 0; path = WaveformView.app; sourceTree = BUILT_PRODUCTS_DIR; };
		2B3C06A61F32F28F00CCCD13 /* AppDelegate.swift */ = {isa = PBXFileReference; lastKnownFileType = sourcecode.swift; path = AppDelegate.swift; sourceTree = "<group>"; };
		2B3C06A81F32F28F00CCCD13 /* ViewController.swift */ = {isa = PBXFileReference; lastKnownFileType = sourcecode.swift; path = ViewController.swift; sourceTree = "<group>"; };
		2B3C06AB1F32F28F00CCCD13 /* Base */ = {isa = PBXFileReference; lastKnownFileType = file.storyboard; name = Base; path = Base.lproj/Main.storyboard; sourceTree = "<group>"; };
		2B3C06AD1F32F28F00CCCD13 /* Assets.xcassets */ = {isa = PBXFileReference; lastKnownFileType = folder.assetcatalog; path = Assets.xcassets; sourceTree = "<group>"; };
		2B3C06B01F32F28F00CCCD13 /* Base */ = {isa = PBXFileReference; lastKnownFileType = file.storyboard; name = Base; path = Base.lproj/LaunchScreen.storyboard; sourceTree = "<group>"; };
		2B3C06B21F32F28F00CCCD13 /* Info.plist */ = {isa = PBXFileReference; lastKnownFileType = text.plist.xml; path = Info.plist; sourceTree = "<group>"; };
		2B3C06B81F32F30E00CCCD13 /* testAudio.mp3 */ = {isa = PBXFileReference; lastKnownFileType = audio.mp3; path = testAudio.mp3; sourceTree = "<group>"; };
		2B3C06BD1F32FC6B00CCCD13 /* FDAudioContext.swift */ = {isa = PBXFileReference; fileEncoding = 4; lastKnownFileType = sourcecode.swift; path = FDAudioContext.swift; sourceTree = "<group>"; };
		2B3C06BE1F32FC6B00CCCD13 /* FDWaveformRenderOperation.swift */ = {isa = PBXFileReference; fileEncoding = 4; lastKnownFileType = sourcecode.swift; path = FDWaveformRenderOperation.swift; sourceTree = "<group>"; };
		2B3C06C51F34542000CCCD13 /* sample2.m4a */ = {isa = PBXFileReference; lastKnownFileType = file; path = sample2.m4a; sourceTree = "<group>"; };
		2B3C06C61F34565D00CCCD13 /* cross.wav */ = {isa = PBXFileReference; lastKnownFileType = audio.wav; path = cross.wav; sourceTree = "<group>"; };
		2B3C06C71F34565D00CCCD13 /* f2400.wav */ = {isa = PBXFileReference; lastKnownFileType = audio.wav; path = f2400.wav; sourceTree = "<group>"; };
		2B3C06CA1F380C6800CCCD13 /* WaveformView.swift */ = {isa = PBXFileReference; fileEncoding = 4; lastKnownFileType = sourcecode.swift; path = WaveformView.swift; sourceTree = "<group>"; };
/* End PBXFileReference section */

/* Begin PBXFrameworksBuildPhase section */
		2B3C06A01F32F28F00CCCD13 /* Frameworks */ = {
			isa = PBXFrameworksBuildPhase;
			buildActionMask = 2147483647;
			files = (
			);
			runOnlyForDeploymentPostprocessing = 0;
		};
/* End PBXFrameworksBuildPhase section */

/* Begin PBXGroup section */
		2B3C069A1F32F28F00CCCD13 = {
			isa = PBXGroup;
			children = (
				2B3C06A51F32F28F00CCCD13 /* WaveformView */,
				2B3C06A41F32F28F00CCCD13 /* Products */,
			);
			sourceTree = "<group>";
		};
		2B3C06A41F32F28F00CCCD13 /* Products */ = {
			isa = PBXGroup;
			children = (
				2B3C06A31F32F28F00CCCD13 /* WaveformView.app */,
			);
			name = Products;
			sourceTree = "<group>";
		};
		2B3C06A51F32F28F00CCCD13 /* WaveformView */ = {
			isa = PBXGroup;
			children = (
				2B3C06CC1F385A5200CCCD13 /* audio source */,
				2B3C06A61F32F28F00CCCD13 /* AppDelegate.swift */,
				2B3C06A81F32F28F00CCCD13 /* ViewController.swift */,
				2B3C06CA1F380C6800CCCD13 /* WaveformView.swift */,
				2B3C06BD1F32FC6B00CCCD13 /* FDAudioContext.swift */,
				2B3C06BE1F32FC6B00CCCD13 /* FDWaveformRenderOperation.swift */,
				2B3C06AA1F32F28F00CCCD13 /* Main.storyboard */,
				2B3C06AF1F32F28F00CCCD13 /* LaunchScreen.storyboard */,
				2B3C06AD1F32F28F00CCCD13 /* Assets.xcassets */,
				2B3C06B21F32F28F00CCCD13 /* Info.plist */,
			);
			path = WaveformView;
			sourceTree = "<group>";
		};
		2B3C06CC1F385A5200CCCD13 /* audio source */ = {
			isa = PBXGroup;
			children = (
				2B3C06C51F34542000CCCD13 /* sample2.m4a */,
				2B3C06C61F34565D00CCCD13 /* cross.wav */,
				2B3C06C71F34565D00CCCD13 /* f2400.wav */,
				2B3C06B81F32F30E00CCCD13 /* testAudio.mp3 */,
			);
			name = "audio source";
			sourceTree = "<group>";
		};
/* End PBXGroup section */

/* Begin PBXNativeTarget section */
		2B3C06A21F32F28F00CCCD13 /* WaveformView */ = {
			isa = PBXNativeTarget;
			buildConfigurationList = 2B3C06B51F32F28F00CCCD13 /* Build configuration list for PBXNativeTarget "WaveformView" */;
			buildPhases = (
				2B3C069F1F32F28F00CCCD13 /* Sources */,
				2B3C06A01F32F28F00CCCD13 /* Frameworks */,
				2B3C06A11F32F28F00CCCD13 /* Resources */,
			);
			buildRules = (
			);
			dependencies = (
			);
			name = WaveformView;
			productName = WaveformView;
			productReference = 2B3C06A31F32F28F00CCCD13 /* WaveformView.app */;
			productType = "com.apple.product-type.application";
		};
/* End PBXNativeTarget section */

/* Begin PBXProject section */
		2B3C069B1F32F28F00CCCD13 /* Project object */ = {
			isa = PBXProject;
			attributes = {
				LastSwiftUpdateCheck = 0830;
				LastUpgradeCheck = 0830;
				ORGANIZATIONNAME = "黃柏叡";
				TargetAttributes = {
					2B3C06A21F32F28F00CCCD13 = {
						CreatedOnToolsVersion = 8.3.3;
						DevelopmentTeam = VKZ275F4XD;
						ProvisioningStyle = Automatic;
					};
				};
			};
			buildConfigurationList = 2B3C069E1F32F28F00CCCD13 /* Build configuration list for PBXProject "WaveformView" */;
			compatibilityVersion = "Xcode 3.2";
			developmentRegion = English;
			hasScannedForEncodings = 0;
			knownRegions = (
				en,
				Base,
			);
			mainGroup = 2B3C069A1F32F28F00CCCD13;
			productRefGroup = 2B3C06A41F32F28F00CCCD13 /* Products */;
			projectDirPath = "";
			projectRoot = "";
			targets = (
				2B3C06A21F32F28F00CCCD13 /* WaveformView */,
			);
		};
/* End PBXProject section */

/* Begin PBXResourcesBuildPhase section */
		2B3C06A11F32F28F00CCCD13 /* Resources */ = {
			isa = PBXResourcesBuildPhase;
			buildActionMask = 2147483647;
			files = (
				2B3C06B11F32F28F00CCCD13 /* LaunchScreen.storyboard in Resources */,
				2B3C06C91F34565D00CCCD13 /* f2400.wav in Resources */,
				2B3C06C81F34565D00CCCD13 /* cross.wav in Resources */,
				2B3C06B91F32F30E00CCCD13 /* testAudio.mp3 in Resources */,
				2B3C06AE1F32F28F00CCCD13 /* Assets.xcassets in Resources */,
				2B3C06AC1F32F28F00CCCD13 /* Main.storyboard in Resources */,
			);
			runOnlyForDeploymentPostprocessing = 0;
		};
/* End PBXResourcesBuildPhase section */

/* Begin PBXSourcesBuildPhase section */
		2B3C069F1F32F28F00CCCD13 /* Sources */ = {
			isa = PBXSourcesBuildPhase;
			buildActionMask = 2147483647;
			files = (
				2B3C06BF1F32FC6B00CCCD13 /* FDAudioContext.swift in Sources */,
				2B3C06C01F32FC6B00CCCD13 /* FDWaveformRenderOperation.swift in Sources */,
				2B3C06A91F32F28F00CCCD13 /* ViewController.swift in Sources */,
				2B3C06A71F32F28F00CCCD13 /* AppDelegate.swift in Sources */,
				2B3C06CB1F380C6800CCCD13 /* WaveformView.swift in Sources */,
			);
			runOnlyForDeploymentPostprocessing = 0;
		};
/* End PBXSourcesBuildPhase section */

/* Begin PBXVariantGroup section */
		2B3C06AA1F32F28F00CCCD13 /* Main.storyboard */ = {
			isa = PBXVariantGroup;
			children = (
				2B3C06AB1F32F28F00CCCD13 /* Base */,
			);
			name = Main.storyboard;
			sourceTree = "<group>";
		};
		2B3C06AF1F32F28F00CCCD13 /* LaunchScreen.storyboard */ = {
			isa = PBXVariantGroup;
			children = (
				2B3C06B01F32F28F00CCCD13 /* Base */,
			);
			name = LaunchScreen.storyboard;
			sourceTree = "<group>";
		};
/* End PBXVariantGroup section */

/* Begin XCBuildConfiguration section */
		2B3C06B31F32F28F00CCCD13 /* Debug */ = {
			isa = XCBuildConfiguration;
			buildSettings = {
				ALWAYS_SEARCH_USER_PATHS = NO;
				CLANG_ANALYZER_NONNULL = YES;
				CLANG_ANALYZER_NUMBER_OBJECT_CONVERSION = YES_AGGRESSIVE;
				CLANG_CXX_LANGUAGE_STANDARD = "gnu++0x";
				CLANG_CXX_LIBRARY = "libc++";
				CLANG_ENABLE_MODULES = YES;
				CLANG_ENABLE_OBJC_ARC = YES;
				CLANG_WARN_BOOL_CONVERSION = YES;
				CLANG_WARN_CONSTANT_CONVERSION = YES;
				CLANG_WARN_DIRECT_OBJC_ISA_USAGE = YES_ERROR;
				CLANG_WARN_DOCUMENTATION_COMMENTS = YES;
				CLANG_WARN_EMPTY_BODY = YES;
				CLANG_WARN_ENUM_CONVERSION = YES;
				CLANG_WARN_INFINITE_RECURSION = YES;
				CLANG_WARN_INT_CONVERSION = YES;
				CLANG_WARN_OBJC_ROOT_CLASS = YES_ERROR;
				CLANG_WARN_SUSPICIOUS_MOVE = YES;
				CLANG_WARN_UNREACHABLE_CODE = YES;
				CLANG_WARN__DUPLICATE_METHOD_MATCH = YES;
				"CODE_SIGN_IDENTITY[sdk=iphoneos*]" = "iPhone Developer";
				COPY_PHASE_STRIP = NO;
				DEBUG_INFORMATION_FORMAT = dwarf;
				ENABLE_STRICT_OBJC_MSGSEND = YES;
				ENABLE_TESTABILITY = YES;
				GCC_C_LANGUAGE_STANDARD = gnu99;
				GCC_DYNAMIC_NO_PIC = NO;
				GCC_NO_COMMON_BLOCKS = YES;
				GCC_OPTIMIZATION_LEVEL = 0;
				GCC_PREPROCESSOR_DEFINITIONS = (
					"DEBUG=1",
					"$(inherited)",
				);
				GCC_WARN_64_TO_32_BIT_CONVERSION = YES;
				GCC_WARN_ABOUT_RETURN_TYPE = YES_ERROR;
				GCC_WARN_UNDECLARED_SELECTOR = YES;
				GCC_WARN_UNINITIALIZED_AUTOS = YES_AGGRESSIVE;
				GCC_WARN_UNUSED_FUNCTION = YES;
				GCC_WARN_UNUSED_VARIABLE = YES;
				IPHONEOS_DEPLOYMENT_TARGET = 10.3;
				MTL_ENABLE_DEBUG_INFO = YES;
				ONLY_ACTIVE_ARCH = YES;
				SDKROOT = iphoneos;
				SWIFT_ACTIVE_COMPILATION_CONDITIONS = DEBUG;
				SWIFT_OPTIMIZATION_LEVEL = "-Onone";
				TARGETED_DEVICE_FAMILY = "1,2";
			};
			name = Debug;
		};
		2B3C06B41F32F28F00CCCD13 /* Release */ = {
			isa = XCBuildConfiguration;
			buildSettings = {
				ALWAYS_SEARCH_USER_PATHS = NO;
				CLANG_ANALYZER_NONNULL = YES;
				CLANG_ANALYZER_NUMBER_OBJECT_CONVERSION = YES_AGGRESSIVE;
				CLANG_CXX_LANGUAGE_STANDARD = "gnu++0x";
				CLANG_CXX_LIBRARY = "libc++";
				CLANG_ENABLE_MODULES = YES;
				CLANG_ENABLE_OBJC_ARC = YES;
				CLANG_WARN_BOOL_CONVERSION = YES;
				CLANG_WARN_CONSTANT_CONVERSION = YES;
				CLANG_WARN_DIRECT_OBJC_ISA_USAGE = YES_ERROR;
				CLANG_WARN_DOCUMENTATION_COMMENTS = YES;
				CLANG_WARN_EMPTY_BODY = YES;
				CLANG_WARN_ENUM_CONVERSION = YES;
				CLANG_WARN_INFINITE_RECURSION = YES;
				CLANG_WARN_INT_CONVERSION = YES;
				CLANG_WARN_OBJC_ROOT_CLASS = YES_ERROR;
				CLANG_WARN_SUSPICIOUS_MOVE = YES;
				CLANG_WARN_UNREACHABLE_CODE = YES;
				CLANG_WARN__DUPLICATE_METHOD_MATCH = YES;
				"CODE_SIGN_IDENTITY[sdk=iphoneos*]" = "iPhone Developer";
				COPY_PHASE_STRIP = NO;
				DEBUG_INFORMATION_FORMAT = "dwarf-with-dsym";
				ENABLE_NS_ASSERTIONS = NO;
				ENABLE_STRICT_OBJC_MSGSEND = YES;
				GCC_C_LANGUAGE_STANDARD = gnu99;
				GCC_NO_COMMON_BLOCKS = YES;
				GCC_WARN_64_TO_32_BIT_CONVERSION = YES;
				GCC_WARN_ABOUT_RETURN_TYPE = YES_ERROR;
				GCC_WARN_UNDECLARED_SELECTOR = YES;
				GCC_WARN_UNINITIALIZED_AUTOS = YES_AGGRESSIVE;
				GCC_WARN_UNUSED_FUNCTION = YES;
				GCC_WARN_UNUSED_VARIABLE = YES;
				IPHONEOS_DEPLOYMENT_TARGET = 10.3;
				MTL_ENABLE_DEBUG_INFO = NO;
				SDKROOT = iphoneos;
				SWIFT_OPTIMIZATION_LEVEL = "-Owholemodule";
				TARGETED_DEVICE_FAMILY = "1,2";
				VALIDATE_PRODUCT = YES;
			};
			name = Release;
		};
		2B3C06B61F32F28F00CCCD13 /* Debug */ = {
			isa = XCBuildConfiguration;
			buildSettings = {
				ASSETCATALOG_COMPILER_APPICON_NAME = AppIcon;
				DEVELOPMENT_TEAM = VKZ275F4XD;
				INFOPLIST_FILE = WaveformView/Info.plist;
				LD_RUNPATH_SEARCH_PATHS = "$(inherited) @executable_path/Frameworks";
				PRODUCT_BUNDLE_IDENTIFIER = com.zenchar.testdemo.WaveformView;
				PRODUCT_NAME = "$(TARGET_NAME)";
				SWIFT_VERSION = 3.0;
			};
			name = Debug;
		};
		2B3C06B71F32F28F00CCCD13 /* Release */ = {
			isa = XCBuildConfiguration;
			buildSettings = {
				ASSETCATALOG_COMPILER_APPICON_NAME = AppIcon;
				DEVELOPMENT_TEAM = VKZ275F4XD;
				INFOPLIST_FILE = WaveformView/Info.plist;
				LD_RUNPATH_SEARCH_PATHS = "$(inherited) @executable_path/Frameworks";
				PRODUCT_BUNDLE_IDENTIFIER = com.zenchar.testdemo.WaveformView;
				PRODUCT_NAME = "$(TARGET_NAME)";
				SWIFT_VERSION = 3.0;
			};
			name = Release;
		};
/* End XCBuildConfiguration section */

/* Begin XCConfigurationList section */
		2B3C069E1F32F28F00CCCD13 /* Build configuration list for PBXProject "WaveformView" */ = {
			isa = XCConfigurationList;
			buildConfigurations = (
				2B3C06B31F32F28F00CCCD13 /* Debug */,
				2B3C06B41F32F28F00CCCD13 /* Release */,
			);
			defaultConfigurationIsVisible = 0;
			defaultConfigurationName = Release;
		};
		2B3C06B51F32F28F00CCCD13 /* Build configuration list for PBXNativeTarget "WaveformView" */ = {
			isa = XCConfigurationList;
			buildConfigurations = (
				2B3C06B61F32F28F00CCCD13 /* Debug */,
				2B3C06B71F32F28F00CCCD13 /* Release */,
			);
			defaultConfigurationIsVisible = 0;
		};
/* End XCConfigurationList section */
	};
	rootObject = 2B3C069B1F32F28F00CCCD13 /* Project object */;
}
